
Microsoft Visual Studio Solution File, Format Version 12.00
# Visual Studio Version 17
VisualStudioVersion = 17.0.32112.339
MinimumVisualStudioVersion = 10.0.40219.1
Project("{FAE04EC0-301F-11D3-BF4B-00C04F79EFBC}") = "ClassMetotDemoo", "ClassMetotDemoo\ClassMetotDemoo.csproj", "{8D905CBE-470B-4931-8408-4D7DE3E4CDC4}"
EndProject
Global
	GlobalSection(SolutionConfigurationPlatforms) = preSolution
		Debug|Any CPU = Debug|Any CPU
		Release|Any CPU = Release|Any CPU
	EndGlobalSection
	GlobalSection(ProjectConfigurationPlatforms) = postSolution
		{8D905CBE-470B-4931-8408-4D7DE3E4CDC4}.Debug|Any CPU.ActiveCfg = Debug|Any CPU
		{8D905CBE-470B-4931-8408-4D7DE3E4CDC4}.Debug|Any CPU.Build.0 = Debug|Any CPU
		{8D905CBE-470B-4931-8408-4D7DE3E4CDC4}.Release|Any CPU.ActiveCfg = Release|Any CPU
		{8D905CBE-470B-4931-8408-4D7DE3E4CDC4}.Release|Any CPU.Build.0 = Release|Any CPU
	EndGlobalSection
	GlobalSection(SolutionProperties) = preSolution
		HideSolutionNode = FALSE
	EndGlobalSection
	GlobalSection(ExtensibilityGlobals) = postSolution
		SolutionGuid = {143156C3-5917-48DC-8B9B-1658DEE2BA3D}
	EndGlobalSection
EndGlobal
